{
    "_readme": [
        "This file locks the dependencies of your project to a known state",
        "Read more about it at http://getcomposer.org/doc/01-basic-usage.md#composer-lock-the-lock-file",
        "This file is @generated automatically"
    ],
    "hash": "6f526b61d78bb55bcbd129b13b93eb15",
    "packages": [
        {
            "name": "usabilitydynamics/lib-eventbrite-client",
            "version": "master",
            "source": {
                "type": "git",
                "url": "git@github.com:UsabilityDynamics/lib-eventbrite-client",
                "reference": "master"
            },
            "dist": {
                "type": "zip",
                "url": "https://github.com/UsabilityDynamics/lib-eventbrite-client/archive/master.zip",
                "reference": null,
                "shasum": null
            },
            "require": {
                "php": ">=5.3"
            },
            "type": "library",
            "autoload": {
                "classmap": [
                    "lib"
                ]
            },
            "time": "2014-07-15 10:59:40"
        },
        {
            "name": "usabilitydynamics/lib-settings",
            "version": "master",
            "source": {
                "type": "git",
                "url": "git@github.com:UsabilityDynamics/lib-settings",
                "reference": "master"
            },
            "dist": {
                "type": "zip",
                "url": "https://github.com/usabilitydynamics/lib-settings/archive/master.zip",
                "reference": null,
                "shasum": null
            },
            "require": {
                "usabilitydynamics/lib-utility": "*"
            },
            "require-dev": {
                "justinrainbow/json-schema": "1.1.*"
            },
            "type": "library",
            "extra": {
                "component": {
                    "scripts": [
                        "scripts/settings.js"
                    ],
                    "templates": [
                        "views/new-installation.xhtml"
                    ]
                }
            },
            "autoload": {
                "classmap": [
                    "lib"
                ]
            },
            "time": "2014-06-02 15:22:26"
        },
        {
            "name": "usabilitydynamics/lib-ui",
            "version": "master",
            "source": {
                "type": "git",
                "url": "git@github.com:UsabilityDynamics/lib-ui",
                "reference": "master"
            },
            "dist": {
                "type": "zip",
                "url": "https://github.com/usabilitydynamics/lib-ui/archive/master.zip",
                "reference": null,
                "shasum": null
            },
            "require": {
                "usabilitydynamics/lib-utility": "master"
            },
            "type": "library",
            "extra": {
                "component": {
                    "scripts": [
                        "scripts/ui.js",
                        "scripts/ui.markdown.js",
                        "scripts/ui.jquery-tabs.js"
                    ],
                    "styles": [
                        "styles/ui.css",
                        "styles/ui.less"
                    ]
                }
            },
            "autoload": {
                "classmap": [
                    "lib"
                ]
            },
            "time": "2014-06-03 13:46:45"
        },
        {
            "name": "usabilitydynamics/lib-utility",
            "version": "master",
            "source": {
                "type": "git",
                "url": "git@github.com:UsabilityDynamics/lib-utility",
                "reference": "master"
            },
            "dist": {
                "type": "zip",
                "url": "https://github.com/usabilitydynamics/lib-utility/archive/master.zip",
                "reference": null,
                "shasum": null
            },
            "require-dev": {
                "phpunit/phpunit": "4.1.*"
            },
            "type": "library",
            "extra": {
                "installer-name": "lib-utility",
                "component": {
                    "name": "utility",
                    "scripts": [
                        "scripts/*.js"
                    ]
                }
            },
            "autoload": {
                "classmap": [
                    "lib"
                ]
            },
            "time": "2014-06-25 21:24:06"
        }
    ],
    "packages-dev": [

    ],
    "aliases": [

    ],
    "minimum-stability": "dev",
    "stability-flags": [

    ],
    "platform": {
        "php": ">=5.3"
    },
    "platform-dev": [

    ]
}
