{
    "_readme": [
        "This file locks the dependencies of your project to a known state",
        "Read more about it at http://getcomposer.org/doc/01-basic-usage.md#composer-lock-the-lock-file",
        "This file is @generated automatically"
    ],
    "hash": "a6f1109e314e98bd81961c661f46c83b",
    "packages": [
        {
            "name": "usabilitydynamics/lib-settings",
            "version": "master",
            "source": {
                "type": "git",
                "url": "git@github.com:usabilitydynamics/lib-settings",
                "reference": "master"
            },
            "dist": {
                "type": "zip",
                "url": "https://github.com/usabilitydynamics/lib-settings/archive/master.zip",
                "reference": null,
                "shasum": null
            },
            "require": {
                "usabilitydynamics/lib-utility": "*"
            },
            "require-dev": {
                "justinrainbow/json-schema": "1.1.*"
            },
            "type": "library",
            "extra": {
                "component": {
                    "scripts": [
                        "static/scripts/settings.js"
                    ],
                    "templates": [
                        "static/views/new-installation.xhtml"
                    ],
                    "files": [
                        "static/schemas/settings.json"
                    ]
                },
                "installer-name": "lib-settings"
            },
            "autoload": {
                "classmap": [
                    "lib"
                ]
            },
            "license": [
                "MIT"
            ],
            "authors": [
                {
                    "name": "Andy Potanin",
                    "email": "andy.potanin@usabilitydynamics.com",
                    "homepage": "http://usabilitydynamics.com",
                    "role": "Developer"
                },
                {
                    "name": "Maxim Peshkov",
                    "email": "maxim.peshkov@usabilitydynamics.com",
                    "homepage": "http://usabilitydynamics.com",
                    "role": "Developer"
                },
                {
                    "name": "Anton Korotkov",
                    "email": "anton.korotkov@usabilitydynamics.com",
                    "homepage": "http://usabilitydynamics.com",
                    "role": "Developer"
                }
            ],
            "homepage": "http://github.com/usabilitydynamics/lib-settings",
            "keywords": [
                "settings"
            ],
            "time": "2014-09-24 17:21:21"
        },
        {
            "name": "usabilitydynamics/lib-utility",
            "version": "master",
            "source": {
                "type": "git",
                "url": "git@github.com:usabilitydynamics/lib-utility",
                "reference": "master"
            },
            "dist": {
                "type": "zip",
                "url": "https://github.com/usabilitydynamics/lib-utility/archive/master.zip",
                "reference": null,
                "shasum": null
            },
            "require-dev": {
                "phpunit/phpunit": "4.1.*"
            },
            "type": "library",
            "extra": {
                "installer-name": "lib-utility",
                "component": {
                    "name": "utility",
                    "scripts": [
                        "scripts/*.js"
                    ]
                }
            },
            "autoload": {
                "classmap": [
                    "lib"
                ]
            },
            "license": [
                "MIT"
            ],
            "authors": [
                {
                    "name": "Andy Potanin",
                    "email": "andy.potanin@usabilitydynamics.com",
                    "homepage": "http://usabilitydynamics.com",
                    "role": "Developer"
                },
                {
                    "name": "Maxim Peshkov",
                    "email": "maxim.peshkov@usabilitydynamics.com",
                    "homepage": "http://usabilitydynamics.com",
                    "role": "Developer"
                },
                {
                    "name": "Anton Korotkov",
                    "email": "anton.korotkov@usabilitydynamics.com",
                    "homepage": "http://usabilitydynamics.com",
                    "role": "Developer"
                }
            ],
            "keywords": [
                "job",
                "process",
                "utility"
            ],
            "time": "2014-09-29 15:54:52"
        },
        {
            "name": "usabilitydynamics/lib-wp-bootstrap",
            "version": "master",
            "source": {
                "type": "git",
                "url": "git@github.com:usabilitydynamics/lib-wp-bootstrap",
                "reference": "master"
            },
            "dist": {
                "type": "zip",
                "url": "https://github.com/usabilitydynamics/lib-wp-bootstrap/archive/master.zip",
                "reference": null,
                "shasum": null
            },
            "require": {
                "php": ">=5.3",
                "usabilitydynamics/lib-utility": "*"
            },
            "type": "library",
            "extra": {
                "installer-name": "lib-wp-bootstrap"
            },
            "autoload": {
                "classmap": [
                    "lib/classes"
                ]
            },
            "license": [
                "MIT"
            ],
            "description": "Wordpress bootstrap library created by UsabilityDynamics",
            "homepage": "https://github.com/usabilitydynamics/lib-wp-bootstrap",
            "keywords": [
                "wordpress"
            ],
            "time": "2014-10-24 14:51:11"
        }
    ],
    "packages-dev": null,
    "aliases": [],
    "minimum-stability": "dev",
    "stability-flags": [],
    "prefer-stable": false,
    "platform": {
        "php": ">=5.3"
    },
    "platform-dev": []
}
