{
    "_readme": [
        "This file locks the dependencies of your project to a known state",
        "Read more about it at http://getcomposer.org/doc/01-basic-usage.md#composer-lock-the-lock-file",
        "This file is @generated automatically"
    ],
    "hash": "baa6d8f0f961d499ce25084280a7918e",
    "packages": [
        {
            "name": "composer/installers",
            "version": "dev-master",
            "source": {
                "type": "git",
                "url": "https://github.com/composer/installers.git",
                "reference": "8024be9aa3ee446272937f46a8807fa52b337767"
            },
            "dist": {
                "type": "zip",
                "url": "https://api.github.com/repos/composer/installers/zipball/8024be9aa3ee446272937f46a8807fa52b337767",
                "reference": "8024be9aa3ee446272937f46a8807fa52b337767",
                "shasum": ""
            },
            "replace": {
                "roundcube/plugin-installer": "*",
                "shama/baton": "*"
            },
            "require-dev": {
                "composer/composer": "1.0.*@dev",
                "phpunit/phpunit": "4.1.*"
            },
            "type": "composer-installer",
            "extra": {
                "class": "Composer\\Installers\\Installer",
                "branch-alias": {
                    "dev-master": "1.0-dev"
                }
            },
            "autoload": {
                "psr-0": {
                    "Composer\\Installers\\": "src/"
                }
            },
            "notification-url": "https://packagist.org/downloads/",
            "license": [
                "MIT"
            ],
            "authors": [
                {
                    "name": "Kyle Robinson Young",
                    "email": "kyle@dontkry.com",
                    "homepage": "https://github.com/shama"
                }
            ],
            "description": "A multi-framework Composer library installer",
            "homepage": "http://composer.github.com/installers/",
            "keywords": [
                "Craft",
                "Dolibarr",
                "Hurad",
                "MODX Evo",
                "OXID",
                "Thelia",
                "WolfCMS",
                "agl",
                "annotatecms",
                "bitrix",
                "cakephp",
                "chef",
                "codeigniter",
                "concrete5",
                "croogo",
                "drupal",
                "elgg",
                "fuelphp",
                "grav",
                "installer",
                "joomla",
                "kohana",
                "laravel",
                "lithium",
                "magento",
                "mako",
                "mediawiki",
                "modulework",
                "moodle",
                "phpbb",
                "piwik",
                "ppi",
                "puppet",
                "roundcube",
                "shopware",
                "silverstripe",
                "symfony",
                "typo3",
                "wordpress",
                "zend",
                "zikula"
            ],
            "time": "2014-11-01 17:51:50"
        },
        {
            "name": "firephp/firephp-core",
            "version": "v0.4.0",
            "source": {
                "type": "git",
                "url": "https://github.com/firephp/firephp-core.git",
                "reference": "fabad0f2503f9577fe8dd2cb1d1c7cd73ed2aacf"
            },
            "dist": {
                "type": "zip",
                "url": "https://api.github.com/repos/firephp/firephp-core/zipball/fabad0f2503f9577fe8dd2cb1d1c7cd73ed2aacf",
                "reference": "fabad0f2503f9577fe8dd2cb1d1c7cd73ed2aacf",
                "shasum": ""
            },
            "type": "library",
            "autoload": {
                "classmap": [
                    "lib/FirePHPCore/FirePHP.class.php",
                    "lib/FirePHPCore/fb.php"
                ]
            },
            "notification-url": "https://packagist.org/downloads/",
            "license": [
                "MIT"
            ],
            "authors": [
                {
                    "name": "Christoph Dorn",
                    "email": "christoph@christophdorn.com",
                    "homepage": "http://christophdorn.com"
                }
            ],
            "description": "Traditional FirePHPCore library for sending PHP variables to the browser.",
            "homepage": "https://github.com/firephp/firephp-core",
            "time": "2013-04-23 15:28:20"
        },
        {
            "name": "usabilitydynamics/lib-api",
            "version": "0.5.0",
            "source": {
                "type": "git",
                "url": "git@github.com:usabilitydynamics/lib-api",
                "reference": "0.5.0"
            },
            "dist": {
                "type": "zip",
                "url": "https://github.com/usabilitydynamics/lib-api/archive/0.5.0.zip",
                "reference": null,
                "shasum": null
            },
            "require": {
                "usabilitydynamics/lib-utility": "*"
            },
            "type": "library",
            "extra": {
                "installer-name": "lib-api"
            },
            "autoload": {
                "classmap": [
                    "lib"
                ]
            },
            "license": [
                "MIT"
            ],
            "authors": [
                {
                    "name": "Andy Potanin",
                    "email": "andy.potanin@usabilitydynamics.com",
                    "homepage": "http://usabilitydynamics.com",
                    "role": "Developer"
                },
                {
                    "name": "Maxim Peshkov",
                    "email": "maxim.peshkov@usabilitydynamics.com",
                    "homepage": "http://usabilitydynamics.com",
                    "role": "Developer"
                },
                {
                    "name": "Anton Korotkov",
                    "email": "anton.korotkov@usabilitydynamics.com",
                    "homepage": "http://usabilitydynamics.com",
                    "role": "Developer"
                }
            ],
            "homepage": "http://github.com/usabilitydynamics/lib-api",
            "keywords": [
                "api"
            ],
            "support": {
                "issues": "https://github.com/usabilitydynamics/lib-api/issues"
            }
        },
        {
            "name": "usabilitydynamics/lib-settings",
            "version": "0.2.3",
            "source": {
                "type": "git",
                "url": "git@github.com:usabilitydynamics/lib-settings",
                "reference": "0.2.3"
            },
            "dist": {
                "type": "zip",
                "url": "https://github.com/usabilitydynamics/lib-settings/archive/0.2.3.zip",
                "reference": null,
                "shasum": null
            },
            "require": {
                "usabilitydynamics/lib-utility": "~0.3"
            },
            "require-dev": {
                "justinrainbow/json-schema": "1.1.*"
            },
            "type": "library",
            "extra": {
                "installer-name": "lib-settings"
            },
            "autoload": {
                "classmap": [
                    "lib"
                ]
            },
            "license": [
                "MIT"
            ],
            "authors": [
                {
                    "name": "Andy Potanin",
                    "email": "andy.potanin@usabilitydynamics.com",
                    "homepage": "http://usabilitydynamics.com",
                    "role": "Developer"
                },
                {
                    "name": "Maxim Peshkov",
                    "email": "maxim.peshkov@usabilitydynamics.com",
                    "homepage": "http://usabilitydynamics.com",
                    "role": "Developer"
                },
                {
                    "name": "Anton Korotkov",
                    "email": "anton.korotkov@usabilitydynamics.com",
                    "homepage": "http://usabilitydynamics.com",
                    "role": "Developer"
                }
            ],
            "homepage": "http://github.com/usabilitydynamics/lib-settings",
            "keywords": [
                "settings"
            ]
        },
        {
            "name": "usabilitydynamics/lib-ui",
            "version": "0.2.1",
            "source": {
                "type": "git",
                "url": "git@github.com:usabilitydynamics/lib-ui",
                "reference": "0.2.1"
            },
            "dist": {
                "type": "zip",
                "url": "https://github.com/usabilitydynamics/lib-ui/archive/0.2.1.zip",
                "reference": null,
                "shasum": null
            },
            "require": {
                "php": ">=5.3",
                "usabilitydynamics/lib-utility": "~0.3"
            },
            "type": "library",
            "extra": {
                "installer-name": "lib-ui",
                "text_domain": "lib-ui",
                "main-file": "lib/class-ui.php",
                "class": "UsabilityDynamics\\UI",
                "component": {
                    "scripts": [
                        "static/scripts/ui.js",
                        "static/scripts/ui.markdown.js",
                        "static/scripts/ui.jquery-tabs.js"
                    ],
                    "styles": [
                        "static/styles/ui.css",
                        "static/styles/ui.less"
                    ]
                }
            },
            "autoload": {
                "classmap": [
                    "lib"
                ]
            },
            "license": [
                "GNU"
            ],
            "authors": [
                {
                    "name": "Andy Potanin",
                    "email": "andy.potanin@usabilitydynamics.com",
                    "homepage": "http://usabilitydynamics.com",
                    "role": "Developer"
                },
                {
                    "name": "Maxim Peshkov",
                    "email": "maxim.peshkov@usabilitydynamics.com",
                    "homepage": "http://usabilitydynamics.com",
                    "role": "Developer"
                },
                {
                    "name": "Anton Korotkov",
                    "email": "anton.korotkov@usabilitydynamics.com",
                    "homepage": "http://usabilitydynamics.com",
                    "role": "Developer"
                }
            ],
            "homepage": "http://github.com/usabilitydynamics/wp-ui",
            "keywords": [
                "css-editor",
                "editor",
                "script-editor",
                "ui"
            ]
        },
        {
            "name": "usabilitydynamics/lib-utility",
            "version": "0.3.6",
            "source": {
                "type": "git",
                "url": "git@github.com:usabilitydynamics/lib-utility",
                "reference": "0.3.6"
            },
            "dist": {
                "type": "zip",
                "url": "https://github.com/usabilitydynamics/lib-utility/archive/0.3.6.zip",
                "reference": null,
                "shasum": null
            },
            "require-dev": {
                "phpunit/phpunit": "4.1.*"
            },
            "type": "library",
            "extra": {
                "installer-name": "lib-utility",
                "component": {
                    "name": "utility",
                    "scripts": [
                        "scripts/*.js"
                    ]
                }
            },
            "autoload": {
                "classmap": [
                    "lib"
                ]
            },
            "license": [
                "MIT"
            ],
            "authors": [
                {
                    "name": "Andy Potanin",
                    "email": "andy.potanin@usabilitydynamics.com",
                    "homepage": "http://usabilitydynamics.com",
                    "role": "Developer"
                },
                {
                    "name": "Maxim Peshkov",
                    "email": "maxim.peshkov@usabilitydynamics.com",
                    "homepage": "http://usabilitydynamics.com",
                    "role": "Developer"
                },
                {
                    "name": "Anton Korotkov",
                    "email": "anton.korotkov@usabilitydynamics.com",
                    "homepage": "http://usabilitydynamics.com",
                    "role": "Developer"
                }
            ],
            "keywords": [
                "job",
                "process",
                "utility"
            ]
        }
    ],
    "packages-dev": [],
    "aliases": [],
    "minimum-stability": "dev",
    "stability-flags": [],
    "prefer-stable": false,
    "platform": {
        "php": ">=5.3"
    },
    "platform-dev": []
}
